
Microsoft Visual Studio Solution File, Format Version 12.00
# Visual Studio Version 16
VisualStudioVersion = 16.0.30204.135
MinimumVisualStudioVersion = 10.0.40219.1
Project("{FAE04EC0-301F-11D3-BF4B-00C04F79EFBC}") = "ShellCommand", "ShellCommand\ShellCommand.csproj", "{FA629E62-2CDA-4EEF-AB49-822A3EC33887}"
EndProject
Project("{FAE04EC0-301F-11D3-BF4B-00C04F79EFBC}") = "ShellCommandTest", "ShellCommandTest\ShellCommandTest.csproj", "{5168ED5D-4014-4E2D-9C93-A4FE457D7D22}"
EndProject
Global
	GlobalSection(SolutionConfigurationPlatforms) = preSolution
		Debug|Any CPU = Debug|Any CPU
		Release|Any CPU = Release|Any CPU
	EndGlobalSection
	GlobalSection(ProjectConfigurationPlatforms) = postSolution
		{FA629E62-2CDA-4EEF-AB49-822A3EC33887}.Debug|Any CPU.ActiveCfg = Debug|Any CPU
		{FA629E62-2CDA-4EEF-AB49-822A3EC33887}.Debug|Any CPU.Build.0 = Debug|Any CPU
		{FA629E62-2CDA-4EEF-AB49-822A3EC33887}.Release|Any CPU.ActiveCfg = Release|Any CPU
		{FA629E62-2CDA-4EEF-AB49-822A3EC33887}.Release|Any CPU.Build.0 = Release|Any CPU
		{5168ED5D-4014-4E2D-9C93-A4FE457D7D22}.Debug|Any CPU.ActiveCfg = Debug|Any CPU
		{5168ED5D-4014-4E2D-9C93-A4FE457D7D22}.Debug|Any CPU.Build.0 = Debug|Any CPU
		{5168ED5D-4014-4E2D-9C93-A4FE457D7D22}.Release|Any CPU.ActiveCfg = Release|Any CPU
		{5168ED5D-4014-4E2D-9C93-A4FE457D7D22}.Release|Any CPU.Build.0 = Release|Any CPU
	EndGlobalSection
	GlobalSection(SolutionProperties) = preSolution
		HideSolutionNode = FALSE
	EndGlobalSection
	GlobalSection(ExtensibilityGlobals) = postSolution
		SolutionGuid = {A862EF89-6177-48FE-B878-F450471B0D42}
	EndGlobalSection
EndGlobal
